
Microsoft Visual Studio Solution File, Format Version 12.00
# Visual Studio Version 17
VisualStudioVersion = 17.5.33530.505
MinimumVisualStudioVersion = 10.0.40219.1
Project("{FAE04EC0-301F-11D3-BF4B-00C04F79EFBC}") = "HD", "HD\HD.csproj", "{E2C936D9-47F7-4F85-ADD2-D5AD0B45F71D}"
EndProject
Global
	GlobalSection(SolutionConfigurationPlatforms) = preSolution
		Debug|Any CPU = Debug|Any CPU
		Debug|x86 = Debug|x86
		Release|Any CPU = Release|Any CPU
		Release|x86 = Release|x86
	EndGlobalSection
	GlobalSection(ProjectConfigurationPlatforms) = postSolution
		{E2C936D9-47F7-4F85-ADD2-D5AD0B45F71D}.Debug|Any CPU.ActiveCfg = Debug|Any CPU
		{E2C936D9-47F7-4F85-ADD2-D5AD0B45F71D}.Debug|Any CPU.Build.0 = Debug|Any CPU
		{E2C936D9-47F7-4F85-ADD2-D5AD0B45F71D}.Debug|x86.ActiveCfg = Debug|Any CPU
		{E2C936D9-47F7-4F85-ADD2-D5AD0B45F71D}.Debug|x86.Build.0 = Debug|Any CPU
		{E2C936D9-47F7-4F85-ADD2-D5AD0B45F71D}.Release|Any CPU.ActiveCfg = Release|Any CPU
		{E2C936D9-47F7-4F85-ADD2-D5AD0B45F71D}.Release|Any CPU.Build.0 = Release|Any CPU
		{E2C936D9-47F7-4F85-ADD2-D5AD0B45F71D}.Release|x86.ActiveCfg = Release|Any CPU
		{E2C936D9-47F7-4F85-ADD2-D5AD0B45F71D}.Release|x86.Build.0 = Release|Any CPU
	EndGlobalSection
	GlobalSection(SolutionProperties) = preSolution
		HideSolutionNode = FALSE
	EndGlobalSection
	GlobalSection(ExtensibilityGlobals) = postSolution
		SolutionGuid = {A81E3024-4EF3-4207-8768-AC3152E557AD}
	EndGlobalSection
EndGlobal
